{
    "_readme": [
        "This file locks the dependencies of your project to a known state",
        "Read more about it at https://getcomposer.org/doc/01-basic-usage.md#composer-lock-the-lock-file",
        "This file is @generated automatically"
    ],
    "content-hash": "02a81730b371681de01cbbdcf6c5f7e1",
    "packages": [
        {
            "name": "moneyphp/money",
            "version": "v3.0.0-beta.3",
            "source": {
                "type": "git",
                "url": "https://github.com/moneyphp/money.git",
                "reference": "89d537b36b5ddb3e3487e600b4bb7c26fd3f81ab"
            },
            "dist": {
                "type": "zip",
                "url": "https://api.github.com/repos/moneyphp/money/zipball/89d537b36b5ddb3e3487e600b4bb7c26fd3f81ab",
                "reference": "89d537b36b5ddb3e3487e600b4bb7c26fd3f81ab",
                "shasum": ""
            },
            "require": {
                "php": ">=5.5"
            },
            "require-dev": {
                "cache/taggable-cache": "^0.4.0",
                "coduo/phpspec-data-provider-extension": "^1.0.3",
                "ext-bcmath": "*",
                "ext-gmp": "*",
                "ext-intl": "*",
                "florianv/swap": "^2.3",
                "henrikbjorn/phpspec-code-coverage": "^2.0.2",
                "moneyphp/iso-currencies": "dev-master",
                "phpspec/phpspec": "^2.5",
                "phpunit/phpunit": "^4.5",
                "psr/cache": "^1.0"
            },
            "suggest": {
                "ext-bcmath": "Calculate without integer limits",
                "ext-gmp": "Calculate without integer limits",
                "ext-intl": "Format Money objects with intl",
                "florianv/swap": "Exchange rates library for PHP",
                "psr/cache-implementation": "Used for Currency caching"
            },
            "type": "library",
            "extra": {
                "branch-alias": {
                    "dev-master": "3.0-dev"
                }
            },
            "autoload": {
                "psr-4": {
                    "Money\\": "src/"
                }
            },
            "notification-url": "https://packagist.org/downloads/",
            "license": [
                "MIT"
            ],
            "authors": [
                {
                    "name": "Mathias Verraes",
                    "email": "mathias@verraes.net",
                    "homepage": "http://verraes.net"
                },
                {
                    "name": "Frederik Bosch",
                    "email": "f.bosch@genkgo.nl"
                },
                {
                    "name": "Márk Sági-Kazár",
                    "email": "mark.sagi-kazar@gmail.com"
                }
            ],
            "description": "PHP implementation of Fowler's Money pattern",
            "homepage": "http://verraes.net/2011/04/fowler-money-pattern-in-php/",
            "keywords": [
                "Value Object",
                "money",
                "vo"
            ],
            "time": "2016-10-04T10:57:47+00:00"
        }
    ],
    "packages-dev": [],
    "aliases": [],
    "minimum-stability": "stable",
    "stability-flags": {
        "moneyphp/money": 10
    },
    "prefer-stable": false,
    "prefer-lowest": false,
    "platform": [],
    "platform-dev": []
}
